<Solution>
  <Folder Name="/src/">
    <Project Path="src/Katasec.OaiServer/Katasec.OaiServer.csproj" />
    <Project Path="src/Katasec.AnthropicServer/Katasec.AnthropicServer.csproj" />
  </Folder>
  <Folder Name="/tests/">
    <Project Path="tests/Katasec.OaiServer.Tests/Katasec.OaiServer.Tests.csproj" />
  </Folder>
</Solution>
